# THIS IS AN AUTOGENERATED FILE. DO NOT EDIT THIS FILE DIRECTLY.
# yarn lockfile v1


"@vadistic/prettier-config@^0.1.8":
  version "0.1.8"
  resolved "https://registry.yarnpkg.com/@vadistic/prettier-config/-/prettier-config-0.1.8.tgz#7782f706bcd3b1628707d05b16ef3da43830016f"
  integrity sha512-fD4UYOvdUh3755LzlYWhwF5q63jeGoZo67mt5oFpp7pepP1GbGYiqqpn4wVGmm4lNLnun3ZgPp7oRcKHYQDRaQ==
  dependencies:
    prettier ">=1.19.1"

prettier@>=1.19.1:
  version "1.19.1"
  resolved "https://registry.yarnpkg.com/prettier/-/prettier-1.19.1.tgz#f7d7f5ff8a9cd872a7be4ca142095956a60797cb"
  integrity sha512-s7PoyDv/II1ObgQunCbB9PdLmUcBZcnWOcxDh7O0N/UwDEsHyqkW+Qh28jW+mVuCdx7gLB0BotYI1Y6uI9iyew==
